
Microsoft Visual Studio Solution File, Format Version 12.00
# Visual Studio Version 17
VisualStudioVersion = 17.0.31903.59
MinimumVisualStudioVersion = 10.0.40219.1
Project("{9A19103F-16F7-4668-BE54-9A1E7A4F7556}") = "InventoryManagement.Data", "InventoryManagement.Data\InventoryManagement.Data.csproj", "{29D36113-8D0B-484A-9B82-6FEEB3C94C10}"
EndProject
Project("{9A19103F-16F7-4668-BE54-9A1E7A4F7556}") = "InventoryManagement.Server", "InventoryManagement.Server\InventoryManagement.Server.csproj", "{6D63D1AB-A0E6-48E2-9917-10D71FBF755C}"
EndProject
Project("{9A19103F-16F7-4668-BE54-9A1E7A4F7556}") = "InventoryManagement.Shared", "InventoryManagement.Shared\InventoryManagement.Shared.csproj", "{635682D4-A716-4462-8AE3-C8FE008704C0}"
EndProject
Project("{9A19103F-16F7-4668-BE54-9A1E7A4F7556}") = "InventoryManagement.Api", "InventoryManagement.Api\InventoryManagement.Api.csproj", "{8C8CDE35-9FF2-445A-A7D9-DD14B2C71C5A}"
EndProject
Global
	GlobalSection(SolutionConfigurationPlatforms) = preSolution
		Debug|Any CPU = Debug|Any CPU
		Release|Any CPU = Release|Any CPU
	EndGlobalSection
	GlobalSection(ProjectConfigurationPlatforms) = postSolution
		{29D36113-8D0B-484A-9B82-6FEEB3C94C10}.Debug|Any CPU.ActiveCfg = Debug|Any CPU
		{29D36113-8D0B-484A-9B82-6FEEB3C94C10}.Debug|Any CPU.Build.0 = Debug|Any CPU
		{29D36113-8D0B-484A-9B82-6FEEB3C94C10}.Release|Any CPU.ActiveCfg = Release|Any CPU
		{29D36113-8D0B-484A-9B82-6FEEB3C94C10}.Release|Any CPU.Build.0 = Release|Any CPU
		{6D63D1AB-A0E6-48E2-9917-10D71FBF755C}.Debug|Any CPU.ActiveCfg = Debug|Any CPU
		{6D63D1AB-A0E6-48E2-9917-10D71FBF755C}.Debug|Any CPU.Build.0 = Debug|Any CPU
		{6D63D1AB-A0E6-48E2-9917-10D71FBF755C}.Release|Any CPU.ActiveCfg = Release|Any CPU
		{6D63D1AB-A0E6-48E2-9917-10D71FBF755C}.Release|Any CPU.Build.0 = Release|Any CPU
		{635682D4-A716-4462-8AE3-C8FE008704C0}.Debug|Any CPU.ActiveCfg = Debug|Any CPU
		{635682D4-A716-4462-8AE3-C8FE008704C0}.Debug|Any CPU.Build.0 = Debug|Any CPU
		{635682D4-A716-4462-8AE3-C8FE008704C0}.Release|Any CPU.ActiveCfg = Release|Any CPU
		{635682D4-A716-4462-8AE3-C8FE008704C0}.Release|Any CPU.Build.0 = Release|Any CPU
		{8C8CDE35-9FF2-445A-A7D9-DD14B2C71C5A}.Debug|Any CPU.ActiveCfg = Debug|Any CPU
		{8C8CDE35-9FF2-445A-A7D9-DD14B2C71C5A}.Debug|Any CPU.Build.0 = Debug|Any CPU
		{8C8CDE35-9FF2-445A-A7D9-DD14B2C71C5A}.Release|Any CPU.ActiveCfg = Release|Any CPU
		{8C8CDE35-9FF2-445A-A7D9-DD14B2C71C5A}.Release|Any CPU.Build.0 = Release|Any CPU
	EndGlobalSection
	GlobalSection(SolutionProperties) = preSolution
		HideSolutionNode = FALSE
	EndGlobalSection
	GlobalSection(ExtensibilityGlobals) = postSolution
		SolutionGuid = {99578FA3-0692-4040-9E87-87779AEA6D68}
	EndGlobalSection
EndGlobal
